
Microsoft Visual Studio Solution File, Format Version 12.00
# Visual Studio 15
VisualStudioVersion = 15.0.27428.2015
MinimumVisualStudioVersion = 10.0.40219.1
Project("{FAE04EC0-301F-11D3-BF4B-00C04F79EFBC}") = "Marshaling", "Marshaling\Marshaling.csproj", "{D76D69AE-884D-42FB-AADB-CDF78A07300A}"
EndProject
Global
	GlobalSection(SolutionConfigurationPlatforms) = preSolution
		Debug|Any CPU = Debug|Any CPU
		Release|Any CPU = Release|Any CPU
	EndGlobalSection
	GlobalSection(ProjectConfigurationPlatforms) = postSolution
		{D76D69AE-884D-42FB-AADB-CDF78A07300A}.Debug|Any CPU.ActiveCfg = Debug|Any CPU
		{D76D69AE-884D-42FB-AADB-CDF78A07300A}.Debug|Any CPU.Build.0 = Debug|Any CPU
		{D76D69AE-884D-42FB-AADB-CDF78A07300A}.Release|Any CPU.ActiveCfg = Release|Any CPU
		{D76D69AE-884D-42FB-AADB-CDF78A07300A}.Release|Any CPU.Build.0 = Release|Any CPU
	EndGlobalSection
	GlobalSection(SolutionProperties) = preSolution
		HideSolutionNode = FALSE
	EndGlobalSection
	GlobalSection(ExtensibilityGlobals) = postSolution
		SolutionGuid = {CE804D1E-DD87-4BB0-86CF-04619B01DEF8}
	EndGlobalSection
EndGlobal
